// !$*UTF8*$!
{
	archiveVersion = 1;
	classes = {
	};
	objectVersion = 56;
	objects = {

/* Begin PBXBuildFile section */
		F736BD872A9A63620059B6EE /* Symbols.swift in Sources */ = {isa = PBXBuildFile; fileRef = F736BD862A9A63620059B6EE /* Symbols.swift */; };
		F7436DF12A841BA300EAC41E /* PieChart.swift in Sources */ = {isa = PBXBuildFile; fileRef = F7436DF02A841BA300EAC41E /* PieChart.swift */; };
		F7436DF32A841EA600EAC41E /* ContentUnavailableViewList.swift in Sources */ = {isa = PBXBuildFile; fileRef = F7436DF22A841EA600EAC41E /* ContentUnavailableViewList.swift */; };
		F7436DF52A841EEE00EAC41E /* Charts.swift in Sources */ = {isa = PBXBuildFile; fileRef = F7436DF42A841EEE00EAC41E /* Charts.swift */; };
		F7436DF72A841F7700EAC41E /* PieChartOuterRadius.swift in Sources */ = {isa = PBXBuildFile; fileRef = F7436DF62A841F7700EAC41E /* PieChartOuterRadius.swift */; };
		F7436DF92A841FEB00EAC41E /* PieChartAnnotation.swift in Sources */ = {isa = PBXBuildFile; fileRef = F7436DF82A841FEB00EAC41E /* PieChartAnnotation.swift */; };
		F7436DFD2A84206100EAC41E /* DonutChart.swift in Sources */ = {isa = PBXBuildFile; fileRef = F7436DFC2A84206100EAC41E /* DonutChart.swift */; };
		F7436DFF2A84210300EAC41E /* DonutChartAnnotation.swift in Sources */ = {isa = PBXBuildFile; fileRef = F7436DFE2A84210300EAC41E /* DonutChartAnnotation.swift */; };
		F7436E012A8421EA00EAC41E /* DonutChartInteraction.swift in Sources */ = {isa = PBXBuildFile; fileRef = F7436E002A8421EA00EAC41E /* DonutChartInteraction.swift */; };
		F7AE7CA82A82C78600B61D2F /* Dog.swift in Sources */ = {isa = PBXBuildFile; fileRef = F73A0F912A2F130D0045EF01 /* Dog.swift */; };
		F7AE7CA92A82C79500B61D2F /* ContentUnavailableViewSearch.swift in Sources */ = {isa = PBXBuildFile; fileRef = F750DA1E2A8233180059042F /* ContentUnavailableViewSearch.swift */; };
		F7AE7CAA2A82C79500B61D2F /* ContentUnavailableViewCustom.swift in Sources */ = {isa = PBXBuildFile; fileRef = F750DA222A82332F0059042F /* ContentUnavailableViewCustom.swift */; };
		F7AE7CAB2A82C79500B61D2F /* ContentView.swift in Sources */ = {isa = PBXBuildFile; fileRef = F750DA242A8235C20059042F /* ContentView.swift */; };
		F7AE7CAC2A82C79500B61D2F /* ContentUnavailableViewWifi.swift in Sources */ = {isa = PBXBuildFile; fileRef = F750DA202A8233250059042F /* ContentUnavailableViewWifi.swift */; };
		F7AE7CAD2A82C79500B61D2F /* DogView.swift in Sources */ = {isa = PBXBuildFile; fileRef = F73A0F812A2F129E0045EF01 /* DogView.swift */; };
		F7AE7CAF2A82C7D700B61D2F /* xcode15_testingApp.swift in Sources */ = {isa = PBXBuildFile; fileRef = F7AE7CAE2A82C7D700B61D2F /* xcode15_testingApp.swift */; };
/* End PBXBuildFile section */

/* Begin PBXFileReference section */
		F736BD862A9A63620059B6EE /* Symbols.swift */ = {isa = PBXFileReference; lastKnownFileType = sourcecode.swift; path = Symbols.swift; sourceTree = "<group>"; };
		F73A0F812A2F129E0045EF01 /* DogView.swift */ = {isa = PBXFileReference; lastKnownFileType = sourcecode.swift; path = DogView.swift; sourceTree = "<group>"; };
		F73A0F912A2F130D0045EF01 /* Dog.swift */ = {isa = PBXFileReference; lastKnownFileType = sourcecode.swift; path = Dog.swift; sourceTree = "<group>"; };
		F7436DF02A841BA300EAC41E /* PieChart.swift */ = {isa = PBXFileReference; lastKnownFileType = sourcecode.swift; path = PieChart.swift; sourceTree = "<group>"; };
		F7436DF22A841EA600EAC41E /* ContentUnavailableViewList.swift */ = {isa = PBXFileReference; lastKnownFileType = sourcecode.swift; path = ContentUnavailableViewList.swift; sourceTree = "<group>"; };
		F7436DF42A841EEE00EAC41E /* Charts.swift */ = {isa = PBXFileReference; lastKnownFileType = sourcecode.swift; path = Charts.swift; sourceTree = "<group>"; };
		F7436DF62A841F7700EAC41E /* PieChartOuterRadius.swift */ = {isa = PBXFileReference; lastKnownFileType = sourcecode.swift; path = PieChartOuterRadius.swift; sourceTree = "<group>"; };
		F7436DF82A841FEB00EAC41E /* PieChartAnnotation.swift */ = {isa = PBXFileReference; lastKnownFileType = sourcecode.swift; path = PieChartAnnotation.swift; sourceTree = "<group>"; };
		F7436DFC2A84206100EAC41E /* DonutChart.swift */ = {isa = PBXFileReference; lastKnownFileType = sourcecode.swift; path = DonutChart.swift; sourceTree = "<group>"; };
		F7436DFE2A84210300EAC41E /* DonutChartAnnotation.swift */ = {isa = PBXFileReference; lastKnownFileType = sourcecode.swift; path = DonutChartAnnotation.swift; sourceTree = "<group>"; };
		F7436E002A8421EA00EAC41E /* DonutChartInteraction.swift */ = {isa = PBXFileReference; lastKnownFileType = sourcecode.swift; path = DonutChartInteraction.swift; sourceTree = "<group>"; };
		F750DA1E2A8233180059042F /* ContentUnavailableViewSearch.swift */ = {isa = PBXFileReference; lastKnownFileType = sourcecode.swift; path = ContentUnavailableViewSearch.swift; sourceTree = "<group>"; };
		F750DA202A8233250059042F /* ContentUnavailableViewWifi.swift */ = {isa = PBXFileReference; lastKnownFileType = sourcecode.swift; path = ContentUnavailableViewWifi.swift; sourceTree = "<group>"; };
		F750DA222A82332F0059042F /* ContentUnavailableViewCustom.swift */ = {isa = PBXFileReference; lastKnownFileType = sourcecode.swift; path = ContentUnavailableViewCustom.swift; sourceTree = "<group>"; };
		F750DA242A8235C20059042F /* ContentView.swift */ = {isa = PBXFileReference; lastKnownFileType = sourcecode.swift; path = ContentView.swift; sourceTree = "<group>"; };
		F75C2AFB2A2F1EDE009523D2 /* README.md */ = {isa = PBXFileReference; fileEncoding = 4; lastKnownFileType = net.daringfireball.markdown; path = README.md; sourceTree = "<group>"; };
		F7AE7C982A82C72800B61D2F /* xcode15-testing.app */ = {isa = PBXFileReference; explicitFileType = wrapper.application; includeInIndex = 0; path = "xcode15-testing.app"; sourceTree = BUILT_PRODUCTS_DIR; };
		F7AE7CAE2A82C7D700B61D2F /* xcode15_testingApp.swift */ = {isa = PBXFileReference; lastKnownFileType = sourcecode.swift; path = xcode15_testingApp.swift; sourceTree = "<group>"; };
/* End PBXFileReference section */

/* Begin PBXFrameworksBuildPhase section */
		F7AE7C952A82C72800B61D2F /* Frameworks */ = {
			isa = PBXFrameworksBuildPhase;
			buildActionMask = 2147483647;
			files = (
			);
			runOnlyForDeploymentPostprocessing = 0;
		};
/* End PBXFrameworksBuildPhase section */

/* Begin PBXGroup section */
		F73A0F732A2F129D0045EF01 = {
			isa = PBXGroup;
			children = (
				F75C2AFB2A2F1EDE009523D2 /* README.md */,
				F7AE7C992A82C72800B61D2F /* xcode15-testing */,
				F73A0F7D2A2F129E0045EF01 /* Products */,
			);
			sourceTree = "<group>";
		};
		F73A0F7D2A2F129E0045EF01 /* Products */ = {
			isa = PBXGroup;
			children = (
				F7AE7C982A82C72800B61D2F /* xcode15-testing.app */,
			);
			name = Products;
			sourceTree = "<group>";
		};
		F73A0F8E2A2F12E90045EF01 /* Models */ = {
			isa = PBXGroup;
			children = (
				F73A0F912A2F130D0045EF01 /* Dog.swift */,
			);
			path = Models;
			sourceTree = "<group>";
		};
		F73A0F8F2A2F12F00045EF01 /* Views */ = {
			isa = PBXGroup;
			children = (
				F7436DFB2A84203100EAC41E /* ContentUnavailableView */,
				F7436DFA2A84201F00EAC41E /* Charts */,
				F73A0F812A2F129E0045EF01 /* DogView.swift */,
				F750DA242A8235C20059042F /* ContentView.swift */,
				F736BD862A9A63620059B6EE /* Symbols.swift */,
			);
			path = Views;
			sourceTree = "<group>";
		};
		F7436DFA2A84201F00EAC41E /* Charts */ = {
			isa = PBXGroup;
			children = (
				F7436DF02A841BA300EAC41E /* PieChart.swift */,
				F7436DF62A841F7700EAC41E /* PieChartOuterRadius.swift */,
				F7436DF42A841EEE00EAC41E /* Charts.swift */,
				F7436DF82A841FEB00EAC41E /* PieChartAnnotation.swift */,
				F7436DFC2A84206100EAC41E /* DonutChart.swift */,
				F7436DFE2A84210300EAC41E /* DonutChartAnnotation.swift */,
				F7436E002A8421EA00EAC41E /* DonutChartInteraction.swift */,
			);
			path = Charts;
			sourceTree = "<group>";
		};
		F7436DFB2A84203100EAC41E /* ContentUnavailableView */ = {
			isa = PBXGroup;
			children = (
				F750DA1E2A8233180059042F /* ContentUnavailableViewSearch.swift */,
				F750DA202A8233250059042F /* ContentUnavailableViewWifi.swift */,
				F750DA222A82332F0059042F /* ContentUnavailableViewCustom.swift */,
				F7436DF22A841EA600EAC41E /* ContentUnavailableViewList.swift */,
			);
			path = ContentUnavailableView;
			sourceTree = "<group>";
		};
		F7AE7C992A82C72800B61D2F /* xcode15-testing */ = {
			isa = PBXGroup;
			children = (
				F73A0F8E2A2F12E90045EF01 /* Models */,
				F73A0F8F2A2F12F00045EF01 /* Views */,
				F7AE7CAE2A82C7D700B61D2F /* xcode15_testingApp.swift */,
			);
			path = "xcode15-testing";
			sourceTree = "<group>";
		};
/* End PBXGroup section */

/* Begin PBXNativeTarget section */
		F7AE7C972A82C72800B61D2F /* xcode15-testing */ = {
			isa = PBXNativeTarget;
			buildConfigurationList = F7AE7CA52A82C72C00B61D2F /* Build configuration list for PBXNativeTarget "xcode15-testing" */;
			buildPhases = (
				F7AE7C942A82C72800B61D2F /* Sources */,
				F7AE7C952A82C72800B61D2F /* Frameworks */,
				F7AE7C962A82C72800B61D2F /* Resources */,
			);
			buildRules = (
			);
			dependencies = (
			);
			name = "xcode15-testing";
			productName = "xcode15-testing";
			productReference = F7AE7C982A82C72800B61D2F /* xcode15-testing.app */;
			productType = "com.apple.product-type.application";
		};
/* End PBXNativeTarget section */

/* Begin PBXProject section */
		F73A0F742A2F129D0045EF01 /* Project object */ = {
			isa = PBXProject;
			attributes = {
				BuildIndependentTargetsInParallel = 1;
				LastSwiftUpdateCheck = 1500;
				LastUpgradeCheck = 1500;
				TargetAttributes = {
					F7AE7C972A82C72800B61D2F = {
						CreatedOnToolsVersion = 15.0;
					};
				};
			};
			buildConfigurationList = F73A0F772A2F129D0045EF01 /* Build configuration list for PBXProject "xcode15-testing" */;
			compatibilityVersion = "Xcode 14.0";
			developmentRegion = en;
			hasScannedForEncodings = 0;
			knownRegions = (
				en,
				Base,
			);
			mainGroup = F73A0F732A2F129D0045EF01;
			productRefGroup = F73A0F7D2A2F129E0045EF01 /* Products */;
			projectDirPath = "";
			projectRoot = "";
			targets = (
				F7AE7C972A82C72800B61D2F /* xcode15-testing */,
			);
		};
/* End PBXProject section */

/* Begin PBXResourcesBuildPhase section */
		F7AE7C962A82C72800B61D2F /* Resources */ = {
			isa = PBXResourcesBuildPhase;
			buildActionMask = 2147483647;
			files = (
			);
			runOnlyForDeploymentPostprocessing = 0;
		};
/* End PBXResourcesBuildPhase section */

/* Begin PBXSourcesBuildPhase section */
		F7AE7C942A82C72800B61D2F /* Sources */ = {
			isa = PBXSourcesBuildPhase;
			buildActionMask = 2147483647;
			files = (
				F7AE7CAD2A82C79500B61D2F /* DogView.swift in Sources */,
				F736BD872A9A63620059B6EE /* Symbols.swift in Sources */,
				F7436DF12A841BA300EAC41E /* PieChart.swift in Sources */,
				F7436DF92A841FEB00EAC41E /* PieChartAnnotation.swift in Sources */,
				F7436DF32A841EA600EAC41E /* ContentUnavailableViewList.swift in Sources */,
				F7AE7CA92A82C79500B61D2F /* ContentUnavailableViewSearch.swift in Sources */,
				F7AE7CAF2A82C7D700B61D2F /* xcode15_testingApp.swift in Sources */,
				F7AE7CAB2A82C79500B61D2F /* ContentView.swift in Sources */,
				F7436DFD2A84206100EAC41E /* DonutChart.swift in Sources */,
				F7AE7CA82A82C78600B61D2F /* Dog.swift in Sources */,
				F7AE7CAA2A82C79500B61D2F /* ContentUnavailableViewCustom.swift in Sources */,
				F7436E012A8421EA00EAC41E /* DonutChartInteraction.swift in Sources */,
				F7436DFF2A84210300EAC41E /* DonutChartAnnotation.swift in Sources */,
				F7436DF52A841EEE00EAC41E /* Charts.swift in Sources */,
				F7AE7CAC2A82C79500B61D2F /* ContentUnavailableViewWifi.swift in Sources */,
				F7436DF72A841F7700EAC41E /* PieChartOuterRadius.swift in Sources */,
			);
			runOnlyForDeploymentPostprocessing = 0;
		};
/* End PBXSourcesBuildPhase section */

/* Begin XCBuildConfiguration section */
		F73A0F892A2F129F0045EF01 /* Debug */ = {
			isa = XCBuildConfiguration;
			buildSettings = {
				ALWAYS_SEARCH_USER_PATHS = NO;
				ASSETCATALOG_COMPILER_GENERATE_SWIFT_ASSET_SYMBOL_EXTENSIONS = YES;
				CLANG_ANALYZER_NONNULL = YES;
				CLANG_ANALYZER_NUMBER_OBJECT_CONVERSION = YES_AGGRESSIVE;
				CLANG_CXX_LANGUAGE_STANDARD = "gnu++20";
				CLANG_ENABLE_MODULES = YES;
				CLANG_ENABLE_OBJC_ARC = YES;
				CLANG_ENABLE_OBJC_WEAK = YES;
				CLANG_WARN_BLOCK_CAPTURE_AUTORELEASING = YES;
				CLANG_WARN_BOOL_CONVERSION = YES;
				CLANG_WARN_COMMA = YES;
				CLANG_WARN_CONSTANT_CONVERSION = YES;
				CLANG_WARN_DEPRECATED_OBJC_IMPLEMENTATIONS = YES;
				CLANG_WARN_DIRECT_OBJC_ISA_USAGE = YES_ERROR;
				CLANG_WARN_DOCUMENTATION_COMMENTS = YES;
				CLANG_WARN_EMPTY_BODY = YES;
				CLANG_WARN_ENUM_CONVERSION = YES;
				CLANG_WARN_INFINITE_RECURSION = YES;
				CLANG_WARN_INT_CONVERSION = YES;
				CLANG_WARN_NON_LITERAL_NULL_CONVERSION = YES;
				CLANG_WARN_OBJC_IMPLICIT_RETAIN_SELF = YES;
				CLANG_WARN_OBJC_LITERAL_CONVERSION = YES;
				CLANG_WARN_OBJC_ROOT_CLASS = YES_ERROR;
				CLANG_WARN_QUOTED_INCLUDE_IN_FRAMEWORK_HEADER = YES;
				CLANG_WARN_RANGE_LOOP_ANALYSIS = YES;
				CLANG_WARN_STRICT_PROTOTYPES = YES;
				CLANG_WARN_SUSPICIOUS_MOVE = YES;
				CLANG_WARN_UNGUARDED_AVAILABILITY = YES_AGGRESSIVE;
				CLANG_WARN_UNREACHABLE_CODE = YES;
				CLANG_WARN__DUPLICATE_METHOD_MATCH = YES;
				COPY_PHASE_STRIP = NO;
				DEBUG_INFORMATION_FORMAT = dwarf;
				ENABLE_STRICT_OBJC_MSGSEND = YES;
				ENABLE_TESTABILITY = YES;
				ENABLE_USER_SCRIPT_SANDBOXING = YES;
				GCC_C_LANGUAGE_STANDARD = gnu17;
				GCC_DYNAMIC_NO_PIC = NO;
				GCC_NO_COMMON_BLOCKS = YES;
				GCC_OPTIMIZATION_LEVEL = 0;
				GCC_PREPROCESSOR_DEFINITIONS = (
					"DEBUG=1",
					"$(inherited)",
				);
				GCC_WARN_64_TO_32_BIT_CONVERSION = YES;
				GCC_WARN_ABOUT_RETURN_TYPE = YES_ERROR;
				GCC_WARN_UNDECLARED_SELECTOR = YES;
				GCC_WARN_UNINITIALIZED_AUTOS = YES_AGGRESSIVE;
				GCC_WARN_UNUSED_FUNCTION = YES;
				GCC_WARN_UNUSED_VARIABLE = YES;
				LOCALIZATION_PREFERS_STRING_CATALOGS = YES;
				MACOSX_DEPLOYMENT_TARGET = 13.4;
				MTL_ENABLE_DEBUG_INFO = INCLUDE_SOURCE;
				MTL_FAST_MATH = YES;
				ONLY_ACTIVE_ARCH = YES;
				SDKROOT = macosx;
				SWIFT_ACTIVE_COMPILATION_CONDITIONS = "DEBUG $(inherited)";
				SWIFT_OPTIMIZATION_LEVEL = "-Onone";
			};
			name = Debug;
		};
		F73A0F8A2A2F129F0045EF01 /* Release */ = {
			isa = XCBuildConfiguration;
			buildSettings = {
				ALWAYS_SEARCH_USER_PATHS = NO;
				ASSETCATALOG_COMPILER_GENERATE_SWIFT_ASSET_SYMBOL_EXTENSIONS = YES;
				CLANG_ANALYZER_NONNULL = YES;
				CLANG_ANALYZER_NUMBER_OBJECT_CONVERSION = YES_AGGRESSIVE;
				CLANG_CXX_LANGUAGE_STANDARD = "gnu++20";
				CLANG_ENABLE_MODULES = YES;
				CLANG_ENABLE_OBJC_ARC = YES;
				CLANG_ENABLE_OBJC_WEAK = YES;
				CLANG_WARN_BLOCK_CAPTURE_AUTORELEASING = YES;
				CLANG_WARN_BOOL_CONVERSION = YES;
				CLANG_WARN_COMMA = YES;
				CLANG_WARN_CONSTANT_CONVERSION = YES;
				CLANG_WARN_DEPRECATED_OBJC_IMPLEMENTATIONS = YES;
				CLANG_WARN_DIRECT_OBJC_ISA_USAGE = YES_ERROR;
				CLANG_WARN_DOCUMENTATION_COMMENTS = YES;
				CLANG_WARN_EMPTY_BODY = YES;
				CLANG_WARN_ENUM_CONVERSION = YES;
				CLANG_WARN_INFINITE_RECURSION = YES;
				CLANG_WARN_INT_CONVERSION = YES;
				CLANG_WARN_NON_LITERAL_NULL_CONVERSION = YES;
				CLANG_WARN_OBJC_IMPLICIT_RETAIN_SELF = YES;
				CLANG_WARN_OBJC_LITERAL_CONVERSION = YES;
				CLANG_WARN_OBJC_ROOT_CLASS = YES_ERROR;
				CLANG_WARN_QUOTED_INCLUDE_IN_FRAMEWORK_HEADER = YES;
				CLANG_WARN_RANGE_LOOP_ANALYSIS = YES;
				CLANG_WARN_STRICT_PROTOTYPES = YES;
				CLANG_WARN_SUSPICIOUS_MOVE = YES;
				CLANG_WARN_UNGUARDED_AVAILABILITY = YES_AGGRESSIVE;
				CLANG_WARN_UNREACHABLE_CODE = YES;
				CLANG_WARN__DUPLICATE_METHOD_MATCH = YES;
				COPY_PHASE_STRIP = NO;
				DEBUG_INFORMATION_FORMAT = "dwarf-with-dsym";
				ENABLE_NS_ASSERTIONS = NO;
				ENABLE_STRICT_OBJC_MSGSEND = YES;
				ENABLE_USER_SCRIPT_SANDBOXING = YES;
				GCC_C_LANGUAGE_STANDARD = gnu17;
				GCC_NO_COMMON_BLOCKS = YES;
				GCC_WARN_64_TO_32_BIT_CONVERSION = YES;
				GCC_WARN_ABOUT_RETURN_TYPE = YES_ERROR;
				GCC_WARN_UNDECLARED_SELECTOR = YES;
				GCC_WARN_UNINITIALIZED_AUTOS = YES_AGGRESSIVE;
				GCC_WARN_UNUSED_FUNCTION = YES;
				GCC_WARN_UNUSED_VARIABLE = YES;
				LOCALIZATION_PREFERS_STRING_CATALOGS = YES;
				MACOSX_DEPLOYMENT_TARGET = 13.4;
				MTL_ENABLE_DEBUG_INFO = NO;
				MTL_FAST_MATH = YES;
				SDKROOT = macosx;
				SWIFT_COMPILATION_MODE = wholemodule;
			};
			name = Release;
		};
		F7AE7CA62A82C72C00B61D2F /* Debug */ = {
			isa = XCBuildConfiguration;
			buildSettings = {
				ASSETCATALOG_COMPILER_APPICON_NAME = AppIcon;
				ASSETCATALOG_COMPILER_GLOBAL_ACCENT_COLOR_NAME = AccentColor;
				CODE_SIGN_STYLE = Automatic;
				CURRENT_PROJECT_VERSION = 1;
				DEVELOPMENT_TEAM = 9P3SFAC639;
				ENABLE_PREVIEWS = YES;
				GENERATE_INFOPLIST_FILE = YES;
				INFOPLIST_KEY_UIApplicationSceneManifest_Generation = YES;
				INFOPLIST_KEY_UIApplicationSupportsIndirectInputEvents = YES;
				INFOPLIST_KEY_UILaunchScreen_Generation = YES;
				INFOPLIST_KEY_UISupportedInterfaceOrientations_iPad = "UIInterfaceOrientationPortrait UIInterfaceOrientationPortraitUpsideDown UIInterfaceOrientationLandscapeLeft UIInterfaceOrientationLandscapeRight";
				INFOPLIST_KEY_UISupportedInterfaceOrientations_iPhone = "UIInterfaceOrientationPortrait UIInterfaceOrientationLandscapeLeft UIInterfaceOrientationLandscapeRight";
				IPHONEOS_DEPLOYMENT_TARGET = 17.0;
				LD_RUNPATH_SEARCH_PATHS = (
					"$(inherited)",
					"@executable_path/Frameworks",
				);
				MARKETING_VERSION = 1.0;
				PRODUCT_BUNDLE_IDENTIFIER = "de.makapre.xcode15-testing";
				PRODUCT_NAME = "$(TARGET_NAME)";
				SDKROOT = iphoneos;
				SWIFT_EMIT_LOC_STRINGS = YES;
				SWIFT_VERSION = 5.0;
				TARGETED_DEVICE_FAMILY = "1,2";
			};
			name = Debug;
		};
		F7AE7CA72A82C72C00B61D2F /* Release */ = {
			isa = XCBuildConfiguration;
			buildSettings = {
				ASSETCATALOG_COMPILER_APPICON_NAME = AppIcon;
				ASSETCATALOG_COMPILER_GLOBAL_ACCENT_COLOR_NAME = AccentColor;
				CODE_SIGN_STYLE = Automatic;
				CURRENT_PROJECT_VERSION = 1;
				DEVELOPMENT_TEAM = 9P3SFAC639;
				ENABLE_PREVIEWS = YES;
				GENERATE_INFOPLIST_FILE = YES;
				INFOPLIST_KEY_UIApplicationSceneManifest_Generation = YES;
				INFOPLIST_KEY_UIApplicationSupportsIndirectInputEvents = YES;
				INFOPLIST_KEY_UILaunchScreen_Generation = YES;
				INFOPLIST_KEY_UISupportedInterfaceOrientations_iPad = "UIInterfaceOrientationPortrait UIInterfaceOrientationPortraitUpsideDown UIInterfaceOrientationLandscapeLeft UIInterfaceOrientationLandscapeRight";
				INFOPLIST_KEY_UISupportedInterfaceOrientations_iPhone = "UIInterfaceOrientationPortrait UIInterfaceOrientationLandscapeLeft UIInterfaceOrientationLandscapeRight";
				IPHONEOS_DEPLOYMENT_TARGET = 17.0;
				LD_RUNPATH_SEARCH_PATHS = (
					"$(inherited)",
					"@executable_path/Frameworks",
				);
				MARKETING_VERSION = 1.0;
				PRODUCT_BUNDLE_IDENTIFIER = "de.makapre.xcode15-testing";
				PRODUCT_NAME = "$(TARGET_NAME)";
				SDKROOT = iphoneos;
				SWIFT_EMIT_LOC_STRINGS = YES;
				SWIFT_VERSION = 5.0;
				TARGETED_DEVICE_FAMILY = "1,2";
				VALIDATE_PRODUCT = YES;
			};
			name = Release;
		};
/* End XCBuildConfiguration section */

/* Begin XCConfigurationList section */
		F73A0F772A2F129D0045EF01 /* Build configuration list for PBXProject "xcode15-testing" */ = {
			isa = XCConfigurationList;
			buildConfigurations = (
				F73A0F892A2F129F0045EF01 /* Debug */,
				F73A0F8A2A2F129F0045EF01 /* Release */,
			);
			defaultConfigurationIsVisible = 0;
			defaultConfigurationName = Release;
		};
		F7AE7CA52A82C72C00B61D2F /* Build configuration list for PBXNativeTarget "xcode15-testing" */ = {
			isa = XCConfigurationList;
			buildConfigurations = (
				F7AE7CA62A82C72C00B61D2F /* Debug */,
				F7AE7CA72A82C72C00B61D2F /* Release */,
			);
			defaultConfigurationIsVisible = 0;
			defaultConfigurationName = Release;
		};
/* End XCConfigurationList section */
	};
	rootObject = F73A0F742A2F129D0045EF01 /* Project object */;
}
